
Microsoft Visual Studio Solution File, Format Version 12.00
# Visual Studio Version 16
VisualStudioVersion = 16.0.28407.52
MinimumVisualStudioVersion = 10.0.40219.1
Project("{9A19103F-16F7-4668-BE54-9A1E7A4F7556}") = "MaisPedMobile.SyncServer", "MaisPedMobile.SyncServer\MaisPedMobile.SyncServer.csproj", "{DD5D85DA-0F77-4D14-B83C-F6327EDF9A65}"
EndProject
Project("{9A19103F-16F7-4668-BE54-9A1E7A4F7556}") = "MaisPedMobile.Crawler", "MaisPedMobile.Crawler\MaisPedMobile.Crawler.csproj", "{F2BC1F68-94B1-41C2-AF2D-B67774583C55}"
EndProject
Project("{2150E333-8FDC-42A3-9474-1A3956D46DE8}") = "Servers", "Servers", "{59167854-9F02-4A66-87C5-F0E650711407}"
EndProject
Project("{2150E333-8FDC-42A3-9474-1A3956D46DE8}") = "Clients", "Clients", "{F3E24441-D580-428A-B65F-8D95BD535844}"
EndProject
Project("{9A19103F-16F7-4668-BE54-9A1E7A4F7556}") = "Mpm.ClientInjections", "Mpm.ClientInjections\Mpm.ClientInjections.csproj", "{AA4B4265-6767-472C-923E-FE037C293A7C}"
EndProject
Project("{2150E333-8FDC-42A3-9474-1A3956D46DE8}") = "Common", "Common", "{344F2D34-6E5A-460B-9A39-BC0F6EE85EAE}"
EndProject
Project("{9A19103F-16F7-4668-BE54-9A1E7A4F7556}") = "MaisPedMobile.Common", "MaisPedMobile.Common\MaisPedMobile.Common.csproj", "{47F5C1DC-C809-4C51-8B25-938AB3C3789D}"
EndProject
Project("{2150E333-8FDC-42A3-9474-1A3956D46DE8}") = "Dependencies", "Dependencies", "{491AFE50-01D4-4368-8B95-2A9FB8B92F6E}"
EndProject
Project("{9A19103F-16F7-4668-BE54-9A1E7A4F7556}") = "SGE32Helper", "..\SGE32Helper\SGE32Helper\SGE32Helper.csproj", "{3E4324A5-D3A2-42C3-9D83-7287D8A1B68A}"
EndProject
Project("{9A19103F-16F7-4668-BE54-9A1E7A4F7556}") = "SGE32.DAL", "..\SGE32Helper\SGE32.DAL\SGE32.DAL.csproj", "{4FA034A2-24DE-424F-B7F8-5135AA3FA90B}"
EndProject
Project("{9A19103F-16F7-4668-BE54-9A1E7A4F7556}") = "SGE32.Factory", "..\SGE32Helper\SGE32.Factory\SGE32.Factory.csproj", "{E697FACC-82EF-4000-A31A-3571994B6D68}"
EndProject
Project("{9A19103F-16F7-4668-BE54-9A1E7A4F7556}") = "Dapper.SqlExtensions", "..\Dapper.SqlExtensions\Dapper.SqlExtensions\Dapper.SqlExtensions.csproj", "{289D5D87-9F03-4C3F-8128-E3B469F7118F}"
EndProject
Project("{FAE04EC0-301F-11D3-BF4B-00C04F79EFBC}") = "MaisPedMobile.Com", "MaisPedMobile.Com\MaisPedMobile.Com.csproj", "{39E9310B-FBB2-4C84-B902-029CE1B4A6ED}"
EndProject
Global
	GlobalSection(SolutionConfigurationPlatforms) = preSolution
		Debug|Any CPU = Debug|Any CPU
		Release|Any CPU = Release|Any CPU
	EndGlobalSection
	GlobalSection(ProjectConfigurationPlatforms) = postSolution
		{DD5D85DA-0F77-4D14-B83C-F6327EDF9A65}.Debug|Any CPU.ActiveCfg = Debug|Any CPU
		{DD5D85DA-0F77-4D14-B83C-F6327EDF9A65}.Debug|Any CPU.Build.0 = Debug|Any CPU
		{DD5D85DA-0F77-4D14-B83C-F6327EDF9A65}.Release|Any CPU.ActiveCfg = Release|Any CPU
		{DD5D85DA-0F77-4D14-B83C-F6327EDF9A65}.Release|Any CPU.Build.0 = Release|Any CPU
		{F2BC1F68-94B1-41C2-AF2D-B67774583C55}.Debug|Any CPU.ActiveCfg = Debug|Any CPU
		{F2BC1F68-94B1-41C2-AF2D-B67774583C55}.Debug|Any CPU.Build.0 = Debug|Any CPU
		{F2BC1F68-94B1-41C2-AF2D-B67774583C55}.Release|Any CPU.ActiveCfg = Release|Any CPU
		{F2BC1F68-94B1-41C2-AF2D-B67774583C55}.Release|Any CPU.Build.0 = Release|Any CPU
		{AA4B4265-6767-472C-923E-FE037C293A7C}.Debug|Any CPU.ActiveCfg = Debug|Any CPU
		{AA4B4265-6767-472C-923E-FE037C293A7C}.Debug|Any CPU.Build.0 = Debug|Any CPU
		{AA4B4265-6767-472C-923E-FE037C293A7C}.Release|Any CPU.ActiveCfg = Release|Any CPU
		{AA4B4265-6767-472C-923E-FE037C293A7C}.Release|Any CPU.Build.0 = Release|Any CPU
		{47F5C1DC-C809-4C51-8B25-938AB3C3789D}.Debug|Any CPU.ActiveCfg = Debug|Any CPU
		{47F5C1DC-C809-4C51-8B25-938AB3C3789D}.Debug|Any CPU.Build.0 = Debug|Any CPU
		{47F5C1DC-C809-4C51-8B25-938AB3C3789D}.Release|Any CPU.ActiveCfg = Release|Any CPU
		{47F5C1DC-C809-4C51-8B25-938AB3C3789D}.Release|Any CPU.Build.0 = Release|Any CPU
		{3E4324A5-D3A2-42C3-9D83-7287D8A1B68A}.Debug|Any CPU.ActiveCfg = Debug|Any CPU
		{3E4324A5-D3A2-42C3-9D83-7287D8A1B68A}.Debug|Any CPU.Build.0 = Debug|Any CPU
		{3E4324A5-D3A2-42C3-9D83-7287D8A1B68A}.Release|Any CPU.ActiveCfg = Release|Any CPU
		{3E4324A5-D3A2-42C3-9D83-7287D8A1B68A}.Release|Any CPU.Build.0 = Release|Any CPU
		{4FA034A2-24DE-424F-B7F8-5135AA3FA90B}.Debug|Any CPU.ActiveCfg = Debug|Any CPU
		{4FA034A2-24DE-424F-B7F8-5135AA3FA90B}.Debug|Any CPU.Build.0 = Debug|Any CPU
		{4FA034A2-24DE-424F-B7F8-5135AA3FA90B}.Release|Any CPU.ActiveCfg = Release|Any CPU
		{4FA034A2-24DE-424F-B7F8-5135AA3FA90B}.Release|Any CPU.Build.0 = Release|Any CPU
		{E697FACC-82EF-4000-A31A-3571994B6D68}.Debug|Any CPU.ActiveCfg = Debug|Any CPU
		{E697FACC-82EF-4000-A31A-3571994B6D68}.Debug|Any CPU.Build.0 = Debug|Any CPU
		{E697FACC-82EF-4000-A31A-3571994B6D68}.Release|Any CPU.ActiveCfg = Release|Any CPU
		{E697FACC-82EF-4000-A31A-3571994B6D68}.Release|Any CPU.Build.0 = Release|Any CPU
		{289D5D87-9F03-4C3F-8128-E3B469F7118F}.Debug|Any CPU.ActiveCfg = Debug|Any CPU
		{289D5D87-9F03-4C3F-8128-E3B469F7118F}.Debug|Any CPU.Build.0 = Debug|Any CPU
		{289D5D87-9F03-4C3F-8128-E3B469F7118F}.Release|Any CPU.ActiveCfg = Release|Any CPU
		{289D5D87-9F03-4C3F-8128-E3B469F7118F}.Release|Any CPU.Build.0 = Release|Any CPU
		{39E9310B-FBB2-4C84-B902-029CE1B4A6ED}.Debug|Any CPU.ActiveCfg = Debug|Any CPU
		{39E9310B-FBB2-4C84-B902-029CE1B4A6ED}.Debug|Any CPU.Build.0 = Debug|Any CPU
		{39E9310B-FBB2-4C84-B902-029CE1B4A6ED}.Release|Any CPU.ActiveCfg = Release|Any CPU
		{39E9310B-FBB2-4C84-B902-029CE1B4A6ED}.Release|Any CPU.Build.0 = Release|Any CPU
	EndGlobalSection
	GlobalSection(SolutionProperties) = preSolution
		HideSolutionNode = FALSE
	EndGlobalSection
	GlobalSection(NestedProjects) = preSolution
		{DD5D85DA-0F77-4D14-B83C-F6327EDF9A65} = {59167854-9F02-4A66-87C5-F0E650711407}
		{F2BC1F68-94B1-41C2-AF2D-B67774583C55} = {F3E24441-D580-428A-B65F-8D95BD535844}
		{AA4B4265-6767-472C-923E-FE037C293A7C} = {F3E24441-D580-428A-B65F-8D95BD535844}
		{47F5C1DC-C809-4C51-8B25-938AB3C3789D} = {344F2D34-6E5A-460B-9A39-BC0F6EE85EAE}
		{3E4324A5-D3A2-42C3-9D83-7287D8A1B68A} = {491AFE50-01D4-4368-8B95-2A9FB8B92F6E}
		{4FA034A2-24DE-424F-B7F8-5135AA3FA90B} = {491AFE50-01D4-4368-8B95-2A9FB8B92F6E}
		{E697FACC-82EF-4000-A31A-3571994B6D68} = {491AFE50-01D4-4368-8B95-2A9FB8B92F6E}
		{289D5D87-9F03-4C3F-8128-E3B469F7118F} = {491AFE50-01D4-4368-8B95-2A9FB8B92F6E}
		{39E9310B-FBB2-4C84-B902-029CE1B4A6ED} = {59167854-9F02-4A66-87C5-F0E650711407}
	EndGlobalSection
	GlobalSection(ExtensibilityGlobals) = postSolution
		SolutionGuid = {6B286663-FDF2-48EF-949A-34452B231D98}
	EndGlobalSection
EndGlobal
